
Microsoft Visual Studio Solution File, Format Version 12.00
# Visual Studio Version 17
VisualStudioVersion = 17.6.33829.357
MinimumVisualStudioVersion = 10.0.40219.1
Project("{FAE04EC0-301F-11D3-BF4B-00C04F79EFBC}") = "Csharp_bangcuuchuong", "Csharp_bangcuuchuong.csproj", "{9F792279-7C80-44AB-8F7D-FD8995BEA47A}"
EndProject
Global
	GlobalSection(SolutionConfigurationPlatforms) = preSolution
		Debug|Any CPU = Debug|Any CPU
		Release|Any CPU = Release|Any CPU
	EndGlobalSection
	GlobalSection(ProjectConfigurationPlatforms) = postSolution
		{9F792279-7C80-44AB-8F7D-FD8995BEA47A}.Debug|Any CPU.ActiveCfg = Debug|Any CPU
		{9F792279-7C80-44AB-8F7D-FD8995BEA47A}.Debug|Any CPU.Build.0 = Debug|Any CPU
		{9F792279-7C80-44AB-8F7D-FD8995BEA47A}.Release|Any CPU.ActiveCfg = Release|Any CPU
		{9F792279-7C80-44AB-8F7D-FD8995BEA47A}.Release|Any CPU.Build.0 = Release|Any CPU
	EndGlobalSection
	GlobalSection(SolutionProperties) = preSolution
		HideSolutionNode = FALSE
	EndGlobalSection
	GlobalSection(ExtensibilityGlobals) = postSolution
		SolutionGuid = {60E6DE34-9303-4C69-967B-9740278541A0}
	EndGlobalSection
EndGlobal
